// !$*UTF8*$!
{
	archiveVersion = 1;
	classes = {
	};
	objectVersion = 46;
	objects = {

/* Begin PBXBuildFile section */
		927D0E671784F34C008A3344 /* UIKit.framework in Frameworks */ = {isa = PBXBuildFile; fileRef = 927D0E661784F34C008A3344 /* UIKit.framework */; };
		927D0E691784F34C008A3344 /* Foundation.framework in Frameworks */ = {isa = PBXBuildFile; fileRef = 927D0E681784F34C008A3344 /* Foundation.framework */; };
		927D0E6B1784F34C008A3344 /* CoreGraphics.framework in Frameworks */ = {isa = PBXBuildFile; fileRef = 927D0E6A1784F34C008A3344 /* CoreGraphics.framework */; };
		927D0E711784F34C008A3344 /* InfoPlist.strings in Resources */ = {isa = PBXBuildFile; fileRef = 927D0E6F1784F34C008A3344 /* InfoPlist.strings */; };
		927D0E731784F34C008A3344 /* main.m in Sources */ = {isa = PBXBuildFile; fileRef = 927D0E721784F34C008A3344 /* main.m */; };
		927D0E771784F34C008A3344 /* AppDelegate.m in Sources */ = {isa = PBXBuildFile; fileRef = 927D0E761784F34C008A3344 /* AppDelegate.m */; };
		927D0E791784F34C008A3344 /* Default.png in Resources */ = {isa = PBXBuildFile; fileRef = 927D0E781784F34C008A3344 /* Default.png */; };
		927D0E7B1784F34C008A3344 /* Default@2x.png in Resources */ = {isa = PBXBuildFile; fileRef = 927D0E7A1784F34C008A3344 /* Default@2x.png */; };
		927D0E7D1784F34C008A3344 /* Default-568h@2x.png in Resources */ = {isa = PBXBuildFile; fileRef = 927D0E7C1784F34C008A3344 /* Default-568h@2x.png */; };
		927D0E801784F34C008A3344 /* MainStoryboard.storyboard in Resources */ = {isa = PBXBuildFile; fileRef = 927D0E7E1784F34C008A3344 /* MainStoryboard.storyboard */; };
		927D0E831784F34C008A3344 /* ViewController.m in Sources */ = {isa = PBXBuildFile; fileRef = 927D0E821784F34C008A3344 /* ViewController.m */; };
/* End PBXBuildFile section */

/* Begin PBXFileReference section */
		927D0E631784F34B008A3344 /* RTLTest.app */ = {isa = PBXFileReference; explicitFileType = wrapper.application; includeInIndex = 0; path = RTLTest.app; sourceTree = BUILT_PRODUCTS_DIR; };
		927D0E661784F34C008A3344 /* UIKit.framework */ = {isa = PBXFileReference; lastKnownFileType = wrapper.framework; name = UIKit.framework; path = System/Library/Frameworks/UIKit.framework; sourceTree = SDKROOT; };
		927D0E681784F34C008A3344 /* Foundation.framework */ = {isa = PBXFileReference; lastKnownFileType = wrapper.framework; name = Foundation.framework; path = System/Library/Frameworks/Foundation.framework; sourceTree = SDKROOT; };
		927D0E6A1784F34C008A3344 /* CoreGraphics.framework */ = {isa = PBXFileReference; lastKnownFileType = wrapper.framework; name = CoreGraphics.framework; path = System/Library/Frameworks/CoreGraphics.framework; sourceTree = SDKROOT; };
		927D0E6E1784F34C008A3344 /* RTLTest-Info.plist */ = {isa = PBXFileReference; lastKnownFileType = text.plist.xml; path = "RTLTest-Info.plist"; sourceTree = "<group>"; };
		927D0E701784F34C008A3344 /* en */ = {isa = PBXFileReference; lastKnownFileType = text.plist.strings; name = en; path = en.lproj/InfoPlist.strings; sourceTree = "<group>"; };
		927D0E721784F34C008A3344 /* main.m */ = {isa = PBXFileReference; lastKnownFileType = sourcecode.c.objc; path = main.m; sourceTree = "<group>"; };
		927D0E741784F34C008A3344 /* RTLTest-Prefix.pch */ = {isa = PBXFileReference; lastKnownFileType = sourcecode.c.h; path = "RTLTest-Prefix.pch"; sourceTree = "<group>"; };
		927D0E751784F34C008A3344 /* AppDelegate.h */ = {isa = PBXFileReference; lastKnownFileType = sourcecode.c.h; path = AppDelegate.h; sourceTree = "<group>"; };
		927D0E761784F34C008A3344 /* AppDelegate.m */ = {isa = PBXFileReference; lastKnownFileType = sourcecode.c.objc; path = AppDelegate.m; sourceTree = "<group>"; };
		927D0E781784F34C008A3344 /* Default.png */ = {isa = PBXFileReference; lastKnownFileType = image.png; path = Default.png; sourceTree = "<group>"; };
		927D0E7A1784F34C008A3344 /* Default@2x.png */ = {isa = PBXFileReference; lastKnownFileType = image.png; path = "Default@2x.png"; sourceTree = "<group>"; };
		927D0E7C1784F34C008A3344 /* Default-568h@2x.png */ = {isa = PBXFileReference; lastKnownFileType = image.png; path = "Default-568h@2x.png"; sourceTree = "<group>"; };
		927D0E7F1784F34C008A3344 /* en */ = {isa = PBXFileReference; lastKnownFileType = file.storyboard; name = en; path = en.lproj/MainStoryboard.storyboard; sourceTree = "<group>"; };
		927D0E811784F34C008A3344 /* ViewController.h */ = {isa = PBXFileReference; lastKnownFileType = sourcecode.c.h; path = ViewController.h; sourceTree = "<group>"; };
		927D0E821784F34C008A3344 /* ViewController.m */ = {isa = PBXFileReference; lastKnownFileType = sourcecode.c.objc; path = ViewController.m; sourceTree = "<group>"; };
/* End PBXFileReference section */

/* Begin PBXFrameworksBuildPhase section */
		927D0E601784F34B008A3344 /* Frameworks */ = {
			isa = PBXFrameworksBuildPhase;
			buildActionMask = 2147483647;
			files = (
				927D0E671784F34C008A3344 /* UIKit.framework in Frameworks */,
				927D0E691784F34C008A3344 /* Foundation.framework in Frameworks */,
				927D0E6B1784F34C008A3344 /* CoreGraphics.framework in Frameworks */,
			);
			runOnlyForDeploymentPostprocessing = 0;
		};
/* End PBXFrameworksBuildPhase section */

/* Begin PBXGroup section */
		927D0E5A1784F34B008A3344 = {
			isa = PBXGroup;
			children = (
				927D0E6C1784F34C008A3344 /* RTLTest */,
				927D0E651784F34B008A3344 /* Frameworks */,
				927D0E641784F34B008A3344 /* Products */,
			);
			sourceTree = "<group>";
		};
		927D0E641784F34B008A3344 /* Products */ = {
			isa = PBXGroup;
			children = (
				927D0E631784F34B008A3344 /* RTLTest.app */,
			);
			name = Products;
			sourceTree = "<group>";
		};
		927D0E651784F34B008A3344 /* Frameworks */ = {
			isa = PBXGroup;
			children = (
				927D0E661784F34C008A3344 /* UIKit.framework */,
				927D0E681784F34C008A3344 /* Foundation.framework */,
				927D0E6A1784F34C008A3344 /* CoreGraphics.framework */,
			);
			name = Frameworks;
			sourceTree = "<group>";
		};
		927D0E6C1784F34C008A3344 /* RTLTest */ = {
			isa = PBXGroup;
			children = (
				927D0E751784F34C008A3344 /* AppDelegate.h */,
				927D0E761784F34C008A3344 /* AppDelegate.m */,
				927D0E7E1784F34C008A3344 /* MainStoryboard.storyboard */,
				927D0E811784F34C008A3344 /* ViewController.h */,
				927D0E821784F34C008A3344 /* ViewController.m */,
				927D0E6D1784F34C008A3344 /* Supporting Files */,
			);
			path = RTLTest;
			sourceTree = "<group>";
		};
		927D0E6D1784F34C008A3344 /* Supporting Files */ = {
			isa = PBXGroup;
			children = (
				927D0E6E1784F34C008A3344 /* RTLTest-Info.plist */,
				927D0E6F1784F34C008A3344 /* InfoPlist.strings */,
				927D0E721784F34C008A3344 /* main.m */,
				927D0E741784F34C008A3344 /* RTLTest-Prefix.pch */,
				927D0E781784F34C008A3344 /* Default.png */,
				927D0E7A1784F34C008A3344 /* Default@2x.png */,
				927D0E7C1784F34C008A3344 /* Default-568h@2x.png */,
			);
			name = "Supporting Files";
			sourceTree = "<group>";
		};
/* End PBXGroup section */

/* Begin PBXNativeTarget section */
		927D0E621784F34B008A3344 /* RTLTest */ = {
			isa = PBXNativeTarget;
			buildConfigurationList = 927D0E861784F34C008A3344 /* Build configuration list for PBXNativeTarget "RTLTest" */;
			buildPhases = (
				927D0E5F1784F34B008A3344 /* Sources */,
				927D0E601784F34B008A3344 /* Frameworks */,
				927D0E611784F34B008A3344 /* Resources */,
			);
			buildRules = (
			);
			dependencies = (
			);
			name = RTLTest;
			productName = RTLTest;
			productReference = 927D0E631784F34B008A3344 /* RTLTest.app */;
			productType = "com.apple.product-type.application";
		};
/* End PBXNativeTarget section */

/* Begin PBXProject section */
		927D0E5B1784F34B008A3344 /* Project object */ = {
			isa = PBXProject;
			attributes = {
				LastUpgradeCheck = 0460;
				ORGANIZATIONNAME = "Data View Systems";
			};
			buildConfigurationList = 927D0E5E1784F34B008A3344 /* Build configuration list for PBXProject "RTLTest" */;
			compatibilityVersion = "Xcode 3.2";
			developmentRegion = English;
			hasScannedForEncodings = 0;
			knownRegions = (
				en,
			);
			mainGroup = 927D0E5A1784F34B008A3344;
			productRefGroup = 927D0E641784F34B008A3344 /* Products */;
			projectDirPath = "";
			projectRoot = "";
			targets = (
				927D0E621784F34B008A3344 /* RTLTest */,
			);
		};
/* End PBXProject section */

/* Begin PBXResourcesBuildPhase section */
		927D0E611784F34B008A3344 /* Resources */ = {
			isa = PBXResourcesBuildPhase;
			buildActionMask = 2147483647;
			files = (
				927D0E711784F34C008A3344 /* InfoPlist.strings in Resources */,
				927D0E791784F34C008A3344 /* Default.png in Resources */,
				927D0E7B1784F34C008A3344 /* Default@2x.png in Resources */,
				927D0E7D1784F34C008A3344 /* Default-568h@2x.png in Resources */,
				927D0E801784F34C008A3344 /* MainStoryboard.storyboard in Resources */,
			);
			runOnlyForDeploymentPostprocessing = 0;
		};
/* End PBXResourcesBuildPhase section */

/* Begin PBXSourcesBuildPhase section */
		927D0E5F1784F34B008A3344 /* Sources */ = {
			isa = PBXSourcesBuildPhase;
			buildActionMask = 2147483647;
			files = (
				927D0E731784F34C008A3344 /* main.m in Sources */,
				927D0E771784F34C008A3344 /* AppDelegate.m in Sources */,
				927D0E831784F34C008A3344 /* ViewController.m in Sources */,
			);
			runOnlyForDeploymentPostprocessing = 0;
		};
/* End PBXSourcesBuildPhase section */

/* Begin PBXVariantGroup section */
		927D0E6F1784F34C008A3344 /* InfoPlist.strings */ = {
			isa = PBXVariantGroup;
			children = (
				927D0E701784F34C008A3344 /* en */,
			);
			name = InfoPlist.strings;
			sourceTree = "<group>";
		};
		927D0E7E1784F34C008A3344 /* MainStoryboard.storyboard */ = {
			isa = PBXVariantGroup;
			children = (
				927D0E7F1784F34C008A3344 /* en */,
			);
			name = MainStoryboard.storyboard;
			sourceTree = "<group>";
		};
/* End PBXVariantGroup section */

/* Begin XCBuildConfiguration section */
		927D0E841784F34C008A3344 /* Debug */ = {
			isa = XCBuildConfiguration;
			buildSettings = {
				ALWAYS_SEARCH_USER_PATHS = NO;
				CLANG_CXX_LANGUAGE_STANDARD = "gnu++0x";
				CLANG_CXX_LIBRARY = "libc++";
				CLANG_ENABLE_OBJC_ARC = YES;
				CLANG_WARN_CONSTANT_CONVERSION = YES;
				CLANG_WARN_EMPTY_BODY = YES;
				CLANG_WARN_ENUM_CONVERSION = YES;
				CLANG_WARN_INT_CONVERSION = YES;
				CLANG_WARN__DUPLICATE_METHOD_MATCH = YES;
				"CODE_SIGN_IDENTITY[sdk=iphoneos*]" = "iPhone Developer";
				COPY_PHASE_STRIP = NO;
				GCC_C_LANGUAGE_STANDARD = gnu99;
				GCC_DYNAMIC_NO_PIC = NO;
				GCC_OPTIMIZATION_LEVEL = 0;
				GCC_PREPROCESSOR_DEFINITIONS = (
					"DEBUG=1",
					"$(inherited)",
				);
				GCC_SYMBOLS_PRIVATE_EXTERN = NO;
				GCC_WARN_ABOUT_RETURN_TYPE = YES;
				GCC_WARN_UNINITIALIZED_AUTOS = YES;
				GCC_WARN_UNUSED_VARIABLE = YES;
				IPHONEOS_DEPLOYMENT_TARGET = 6.1;
				ONLY_ACTIVE_ARCH = YES;
				SDKROOT = iphoneos;
			};
			name = Debug;
		};
		927D0E851784F34C008A3344 /* Release */ = {
			isa = XCBuildConfiguration;
			buildSettings = {
				ALWAYS_SEARCH_USER_PATHS = NO;
				CLANG_CXX_LANGUAGE_STANDARD = "gnu++0x";
				CLANG_CXX_LIBRARY = "libc++";
				CLANG_ENABLE_OBJC_ARC = YES;
				CLANG_WARN_CONSTANT_CONVERSION = YES;
				CLANG_WARN_EMPTY_BODY = YES;
				CLANG_WARN_ENUM_CONVERSION = YES;
				CLANG_WARN_INT_CONVERSION = YES;
				CLANG_WARN__DUPLICATE_METHOD_MATCH = YES;
				"CODE_SIGN_IDENTITY[sdk=iphoneos*]" = "iPhone Developer";
				COPY_PHASE_STRIP = YES;
				GCC_C_LANGUAGE_STANDARD = gnu99;
				GCC_WARN_ABOUT_RETURN_TYPE = YES;
				GCC_WARN_UNINITIALIZED_AUTOS = YES;
				GCC_WARN_UNUSED_VARIABLE = YES;
				IPHONEOS_DEPLOYMENT_TARGET = 6.1;
				OTHER_CFLAGS = "-DNS_BLOCK_ASSERTIONS=1";
				SDKROOT = iphoneos;
				VALIDATE_PRODUCT = YES;
			};
			name = Release;
		};
		927D0E871784F34C008A3344 /* Debug */ = {
			isa = XCBuildConfiguration;
			buildSettings = {
				GCC_PRECOMPILE_PREFIX_HEADER = YES;
				GCC_PREFIX_HEADER = "RTLTest/RTLTest-Prefix.pch";
				INFOPLIST_FILE = "RTLTest/RTLTest-Info.plist";
				PRODUCT_NAME = "$(TARGET_NAME)";
				WRAPPER_EXTENSION = app;
			};
			name = Debug;
		};
		927D0E881784F34C008A3344 /* Release */ = {
			isa = XCBuildConfiguration;
			buildSettings = {
				GCC_PRECOMPILE_PREFIX_HEADER = YES;
				GCC_PREFIX_HEADER = "RTLTest/RTLTest-Prefix.pch";
				INFOPLIST_FILE = "RTLTest/RTLTest-Info.plist";
				PRODUCT_NAME = "$(TARGET_NAME)";
				WRAPPER_EXTENSION = app;
			};
			name = Release;
		};
/* End XCBuildConfiguration section */

/* Begin XCConfigurationList section */
		927D0E5E1784F34B008A3344 /* Build configuration list for PBXProject "RTLTest" */ = {
			isa = XCConfigurationList;
			buildConfigurations = (
				927D0E841784F34C008A3344 /* Debug */,
				927D0E851784F34C008A3344 /* Release */,
			);
			defaultConfigurationIsVisible = 0;
			defaultConfigurationName = Release;
		};
		927D0E861784F34C008A3344 /* Build configuration list for PBXNativeTarget "RTLTest" */ = {
			isa = XCConfigurationList;
			buildConfigurations = (
				927D0E871784F34C008A3344 /* Debug */,
				927D0E881784F34C008A3344 /* Release */,
			);
			defaultConfigurationIsVisible = 0;
		};
/* End XCConfigurationList section */
	};
	rootObject = 927D0E5B1784F34B008A3344 /* Project object */;
}
